
Microsoft Visual Studio Solution File, Format Version 12.00
# Visual Studio Version 17
VisualStudioVersion = 17.0.31903.59
MinimumVisualStudioVersion = 10.0.40219.1
Project("{FAE04EC0-301F-11D3-BF4B-00C04F79EFBC}") = "SuperHeroAPI", "SuperHeroAPI\SuperHeroAPI.csproj", "{09348E2F-8B7C-4867-9E28-0A3B70146933}"
EndProject
Global
	GlobalSection(SolutionConfigurationPlatforms) = preSolution
		Debug|Any CPU = Debug|Any CPU
		Release|Any CPU = Release|Any CPU
	EndGlobalSection
	GlobalSection(ProjectConfigurationPlatforms) = postSolution
		{09348E2F-8B7C-4867-9E28-0A3B70146933}.Debug|Any CPU.ActiveCfg = Debug|Any CPU
		{09348E2F-8B7C-4867-9E28-0A3B70146933}.Debug|Any CPU.Build.0 = Debug|Any CPU
		{09348E2F-8B7C-4867-9E28-0A3B70146933}.Release|Any CPU.ActiveCfg = Release|Any CPU
		{09348E2F-8B7C-4867-9E28-0A3B70146933}.Release|Any CPU.Build.0 = Release|Any CPU
	EndGlobalSection
	GlobalSection(SolutionProperties) = preSolution
		HideSolutionNode = FALSE
	EndGlobalSection
	GlobalSection(ExtensibilityGlobals) = postSolution
		SolutionGuid = {00317C44-8E9A-4EC5-A87F-78158A1860E7}
	EndGlobalSection
EndGlobal
